
Microsoft Visual Studio Solution File, Format Version 12.00
# Visual Studio 15
VisualStudioVersion = 15.0.27130.2024
MinimumVisualStudioVersion = 10.0.40219.1
Project("{FAE04EC0-301F-11D3-BF4B-00C04F79EFBC}") = "Space_Game", "Space_Game.csproj", "{F29DC527-9EBB-4001-B118-31858EF27397}"
EndProject
Global
	GlobalSection(SolutionConfigurationPlatforms) = preSolution
		Debug|Any CPU = Debug|Any CPU
		Release|Any CPU = Release|Any CPU
	EndGlobalSection
	GlobalSection(ProjectConfigurationPlatforms) = postSolution
		{F29DC527-9EBB-4001-B118-31858EF27397}.Debug|Any CPU.ActiveCfg = Debug|Any CPU
		{F29DC527-9EBB-4001-B118-31858EF27397}.Debug|Any CPU.Build.0 = Debug|Any CPU
		{F29DC527-9EBB-4001-B118-31858EF27397}.Release|Any CPU.ActiveCfg = Release|Any CPU
		{F29DC527-9EBB-4001-B118-31858EF27397}.Release|Any CPU.Build.0 = Release|Any CPU
	EndGlobalSection
	GlobalSection(SolutionProperties) = preSolution
		HideSolutionNode = FALSE
	EndGlobalSection
	GlobalSection(ExtensibilityGlobals) = postSolution
		SolutionGuid = {74343892-293A-4B0D-8944-FDD825837308}
	EndGlobalSection
EndGlobal
